
Microsoft Visual Studio Solution File, Format Version 12.00
# Visual Studio Version 16
VisualStudioVersion = 16.0.29418.71
MinimumVisualStudioVersion = 10.0.40219.1
Project("{FAE04EC0-301F-11D3-BF4B-00C04F79EFBC}") = "vr6Motion", "vr6Motion.csproj", "{7586CA81-59BF-447A-AE97-20B25663800E}"
EndProject
Global
	GlobalSection(SolutionConfigurationPlatforms) = preSolution
		Debug|Any CPU = Debug|Any CPU
		Release|Any CPU = Release|Any CPU
	EndGlobalSection
	GlobalSection(ProjectConfigurationPlatforms) = postSolution
		{7586CA81-59BF-447A-AE97-20B25663800E}.Debug|Any CPU.ActiveCfg = Debug|Any CPU
		{7586CA81-59BF-447A-AE97-20B25663800E}.Debug|Any CPU.Build.0 = Debug|Any CPU
		{7586CA81-59BF-447A-AE97-20B25663800E}.Release|Any CPU.ActiveCfg = Release|Any CPU
		{7586CA81-59BF-447A-AE97-20B25663800E}.Release|Any CPU.Build.0 = Release|Any CPU
	EndGlobalSection
	GlobalSection(SolutionProperties) = preSolution
		HideSolutionNode = FALSE
	EndGlobalSection
	GlobalSection(ExtensibilityGlobals) = postSolution
		SolutionGuid = {868889D9-2D2C-4466-8C46-665F4887C57E}
	EndGlobalSection
EndGlobal
